
Microsoft Visual Studio Solution File, Format Version 12.00
# Visual Studio Version 16
VisualStudioVersion = 16.0.29905.134
MinimumVisualStudioVersion = 10.0.40219.1
Project("{FAE04EC0-301F-11D3-BF4B-00C04F79EFBC}") = "ConnectDatastoreusingDotnetCore", "ConnectDatastoreusingDotnetCore.csproj", "{857B18AE-4499-4DD8-A278-79291824234C}"
EndProject
Global
	GlobalSection(SolutionConfigurationPlatforms) = preSolution
		Debug|Any CPU = Debug|Any CPU
		Release|Any CPU = Release|Any CPU
	EndGlobalSection
	GlobalSection(ProjectConfigurationPlatforms) = postSolution
		{857B18AE-4499-4DD8-A278-79291824234C}.Debug|Any CPU.ActiveCfg = Debug|Any CPU
		{857B18AE-4499-4DD8-A278-79291824234C}.Debug|Any CPU.Build.0 = Debug|Any CPU
		{857B18AE-4499-4DD8-A278-79291824234C}.Release|Any CPU.ActiveCfg = Release|Any CPU
		{857B18AE-4499-4DD8-A278-79291824234C}.Release|Any CPU.Build.0 = Release|Any CPU
	EndGlobalSection
	GlobalSection(SolutionProperties) = preSolution
		HideSolutionNode = FALSE
	EndGlobalSection
	GlobalSection(ExtensibilityGlobals) = postSolution
		SolutionGuid = {CB72B647-BCA2-4CE2-B1DC-FF9188A2171B}
	EndGlobalSection
EndGlobal
